
Microsoft Visual Studio Solution File, Format Version 12.00
# Visual Studio Version 17
VisualStudioVersion = 17.0.31903.59
MinimumVisualStudioVersion = 10.0.40219.1
Project("{FAE04EC0-301F-11D3-BF4B-00C04F79EFBC}") = "DiscChannelLab.Verify", "DiscChannelLab.Verify\DiscChannelLab.Verify.csproj", "{C0F1E15A-BA0D-440D-A13F-3B658C081C17}"
EndProject
Project("{FAE04EC0-301F-11D3-BF4B-00C04F79EFBC}") = "DiscChannelLab.App", "DiscChannelLab.App\DiscChannelLab.App.csproj", "{5FB2E953-6599-42DC-8423-FA5B43B34BAF}"
EndProject
Global
	GlobalSection(SolutionConfigurationPlatforms) = preSolution
		Debug|Any CPU = Debug|Any CPU
		Debug|x64 = Debug|x64
		Debug|x86 = Debug|x86
		Release|Any CPU = Release|Any CPU
		Release|x64 = Release|x64
		Release|x86 = Release|x86
	EndGlobalSection
	GlobalSection(ProjectConfigurationPlatforms) = postSolution
		{C0F1E15A-BA0D-440D-A13F-3B658C081C17}.Debug|Any CPU.ActiveCfg = Debug|Any CPU
		{C0F1E15A-BA0D-440D-A13F-3B658C081C17}.Debug|Any CPU.Build.0 = Debug|Any CPU
		{C0F1E15A-BA0D-440D-A13F-3B658C081C17}.Debug|x64.ActiveCfg = Debug|Any CPU
		{C0F1E15A-BA0D-440D-A13F-3B658C081C17}.Debug|x64.Build.0 = Debug|Any CPU
		{C0F1E15A-BA0D-440D-A13F-3B658C081C17}.Debug|x86.ActiveCfg = Debug|Any CPU
		{C0F1E15A-BA0D-440D-A13F-3B658C081C17}.Debug|x86.Build.0 = Debug|Any CPU
		{C0F1E15A-BA0D-440D-A13F-3B658C081C17}.Release|Any CPU.ActiveCfg = Release|Any CPU
		{C0F1E15A-BA0D-440D-A13F-3B658C081C17}.Release|Any CPU.Build.0 = Release|Any CPU
		{C0F1E15A-BA0D-440D-A13F-3B658C081C17}.Release|x64.ActiveCfg = Release|Any CPU
		{C0F1E15A-BA0D-440D-A13F-3B658C081C17}.Release|x64.Build.0 = Release|Any CPU
		{C0F1E15A-BA0D-440D-A13F-3B658C081C17}.Release|x86.ActiveCfg = Release|Any CPU
		{C0F1E15A-BA0D-440D-A13F-3B658C081C17}.Release|x86.Build.0 = Release|Any CPU
		{5FB2E953-6599-42DC-8423-FA5B43B34BAF}.Debug|Any CPU.ActiveCfg = Debug|Any CPU
		{5FB2E953-6599-42DC-8423-FA5B43B34BAF}.Debug|Any CPU.Build.0 = Debug|Any CPU
		{5FB2E953-6599-42DC-8423-FA5B43B34BAF}.Debug|x64.ActiveCfg = Debug|Any CPU
		{5FB2E953-6599-42DC-8423-FA5B43B34BAF}.Debug|x64.Build.0 = Debug|Any CPU
		{5FB2E953-6599-42DC-8423-FA5B43B34BAF}.Debug|x86.ActiveCfg = Debug|Any CPU
		{5FB2E953-6599-42DC-8423-FA5B43B34BAF}.Debug|x86.Build.0 = Debug|Any CPU
		{5FB2E953-6599-42DC-8423-FA5B43B34BAF}.Release|Any CPU.ActiveCfg = Release|Any CPU
		{5FB2E953-6599-42DC-8423-FA5B43B34BAF}.Release|Any CPU.Build.0 = Release|Any CPU
		{5FB2E953-6599-42DC-8423-FA5B43B34BAF}.Release|x64.ActiveCfg = Release|Any CPU
		{5FB2E953-6599-42DC-8423-FA5B43B34BAF}.Release|x64.Build.0 = Release|Any CPU
		{5FB2E953-6599-42DC-8423-FA5B43B34BAF}.Release|x86.ActiveCfg = Release|Any CPU
		{5FB2E953-6599-42DC-8423-FA5B43B34BAF}.Release|x86.Build.0 = Release|Any CPU
	EndGlobalSection
	GlobalSection(SolutionProperties) = preSolution
		HideSolutionNode = FALSE
	EndGlobalSection
EndGlobal
